
Microsoft Visual Studio Solution File, Format Version 12.00
# Visual Studio Version 17
VisualStudioVersion = 17.13.35825.156 d17.13
MinimumVisualStudioVersion = 10.0.40219.1
Project("{535C04D7-A2A5-47C7-83E0-B340A995CD1F}") = "InkassoChecker", "InkassoChecker.cblproj", "{CFC1ECB1-7A50-4056-81CB-BA0BB0CC7C78}"
EndProject
Global
	GlobalSection(SolutionConfigurationPlatforms) = preSolution
		Debug|x64 = Debug|x64
		Debug|x86 = Debug|x86
		Release|x64 = Release|x64
		Release|x86 = Release|x86
	EndGlobalSection
	GlobalSection(ProjectConfigurationPlatforms) = postSolution
		{CFC1ECB1-7A50-4056-81CB-BA0BB0CC7C78}.Debug|x64.ActiveCfg = Debug|x64
		{CFC1ECB1-7A50-4056-81CB-BA0BB0CC7C78}.Debug|x64.Build.0 = Debug|x64
		{CFC1ECB1-7A50-4056-81CB-BA0BB0CC7C78}.Debug|x86.ActiveCfg = Debug|x86
		{CFC1ECB1-7A50-4056-81CB-BA0BB0CC7C78}.Debug|x86.Build.0 = Debug|x86
		{CFC1ECB1-7A50-4056-81CB-BA0BB0CC7C78}.Release|x64.ActiveCfg = Release|x64
		{CFC1ECB1-7A50-4056-81CB-BA0BB0CC7C78}.Release|x64.Build.0 = Release|x64
		{CFC1ECB1-7A50-4056-81CB-BA0BB0CC7C78}.Release|x86.ActiveCfg = Release|x86
		{CFC1ECB1-7A50-4056-81CB-BA0BB0CC7C78}.Release|x86.Build.0 = Release|x86
	EndGlobalSection
	GlobalSection(SolutionProperties) = preSolution
		HideSolutionNode = FALSE
	EndGlobalSection
	GlobalSection(ExtensibilityGlobals) = postSolution
		SolutionGuid = {CDEA1224-7221-463D-B785-F445F745F3D3}
	EndGlobalSection
EndGlobal
